
Microsoft Visual Studio Solution File, Format Version 11.00
# Visual Studio 2010
Project("{FAE04EC0-301F-11D3-BF4B-00C04F79EFBC}") = "MonoTouch.SQLite", "MonoTouch.SQLite\MonoTouch.SQLite.csproj", "{4B622CAB-9463-4FAB-8EF8-CA82E221965E}"
EndProject
Project("{FAE04EC0-301F-11D3-BF4B-00C04F79EFBC}") = "Sample", "Sample\Sample.csproj", "{3E6927D7-B8DE-4FAA-99A9-EA13194607A8}"
EndProject
Global
	GlobalSection(SolutionConfigurationPlatforms) = preSolution
		Debug|iPhoneSimulator = Debug|iPhoneSimulator
		Release|iPhoneSimulator = Release|iPhoneSimulator
		Debug|iPhone = Debug|iPhone
		Release|iPhone = Release|iPhone
	EndGlobalSection
	GlobalSection(ProjectConfigurationPlatforms) = postSolution
		{3E6927D7-B8DE-4FAA-99A9-EA13194607A8}.Debug|iPhone.ActiveCfg = Debug|iPhone
		{3E6927D7-B8DE-4FAA-99A9-EA13194607A8}.Debug|iPhone.Build.0 = Debug|iPhone
		{3E6927D7-B8DE-4FAA-99A9-EA13194607A8}.Debug|iPhoneSimulator.ActiveCfg = Debug|iPhoneSimulator
		{3E6927D7-B8DE-4FAA-99A9-EA13194607A8}.Debug|iPhoneSimulator.Build.0 = Debug|iPhoneSimulator
		{3E6927D7-B8DE-4FAA-99A9-EA13194607A8}.Release|iPhone.ActiveCfg = Release|iPhone
		{3E6927D7-B8DE-4FAA-99A9-EA13194607A8}.Release|iPhone.Build.0 = Release|iPhone
		{3E6927D7-B8DE-4FAA-99A9-EA13194607A8}.Release|iPhoneSimulator.ActiveCfg = Release|iPhoneSimulator
		{3E6927D7-B8DE-4FAA-99A9-EA13194607A8}.Release|iPhoneSimulator.Build.0 = Release|iPhoneSimulator
		{4B622CAB-9463-4FAB-8EF8-CA82E221965E}.Debug|iPhone.ActiveCfg = Debug|iPhone
		{4B622CAB-9463-4FAB-8EF8-CA82E221965E}.Debug|iPhone.Build.0 = Debug|iPhone
		{4B622CAB-9463-4FAB-8EF8-CA82E221965E}.Debug|iPhoneSimulator.ActiveCfg = Debug|iPhoneSimulator
		{4B622CAB-9463-4FAB-8EF8-CA82E221965E}.Debug|iPhoneSimulator.Build.0 = Debug|iPhoneSimulator
		{4B622CAB-9463-4FAB-8EF8-CA82E221965E}.Release|iPhone.ActiveCfg = Release|iPhone
		{4B622CAB-9463-4FAB-8EF8-CA82E221965E}.Release|iPhone.Build.0 = Release|iPhone
		{4B622CAB-9463-4FAB-8EF8-CA82E221965E}.Release|iPhoneSimulator.ActiveCfg = Release|iPhoneSimulator
		{4B622CAB-9463-4FAB-8EF8-CA82E221965E}.Release|iPhoneSimulator.Build.0 = Release|iPhoneSimulator
	EndGlobalSection
	GlobalSection(MonoDevelopProperties) = preSolution
		StartupItem = Sample\Sample.csproj
	EndGlobalSection
EndGlobal
